
Microsoft Visual Studio Solution File, Format Version 12.00
# Visual Studio Version 17
VisualStudioVersion = 17.10.34916.146
MinimumVisualStudioVersion = 10.0.40219.1
Project("{FAE04EC0-301F-11D3-BF4B-00C04F79EFBC}") = "Evaluacion2JS", "Evaluacion2JS\Evaluacion2JS.csproj", "{B4EF90C6-F7B7-4DEF-AD65-097A55198BA1}"
EndProject
Global
	GlobalSection(SolutionConfigurationPlatforms) = preSolution
		Debug|Any CPU = Debug|Any CPU
		Release|Any CPU = Release|Any CPU
	EndGlobalSection
	GlobalSection(ProjectConfigurationPlatforms) = postSolution
		{B4EF90C6-F7B7-4DEF-AD65-097A55198BA1}.Debug|Any CPU.ActiveCfg = Debug|Any CPU
		{B4EF90C6-F7B7-4DEF-AD65-097A55198BA1}.Debug|Any CPU.Build.0 = Debug|Any CPU
		{B4EF90C6-F7B7-4DEF-AD65-097A55198BA1}.Debug|Any CPU.Deploy.0 = Debug|Any CPU
		{B4EF90C6-F7B7-4DEF-AD65-097A55198BA1}.Release|Any CPU.ActiveCfg = Release|Any CPU
		{B4EF90C6-F7B7-4DEF-AD65-097A55198BA1}.Release|Any CPU.Build.0 = Release|Any CPU
		{B4EF90C6-F7B7-4DEF-AD65-097A55198BA1}.Release|Any CPU.Deploy.0 = Release|Any CPU
	EndGlobalSection
	GlobalSection(SolutionProperties) = preSolution
		HideSolutionNode = FALSE
	EndGlobalSection
	GlobalSection(ExtensibilityGlobals) = postSolution
		SolutionGuid = {9D8341B3-55DA-4DD5-81FE-0093B3DD39AC}
	EndGlobalSection
EndGlobal
